
Microsoft Visual Studio Solution File, Format Version 12.00
# Visual Studio 15
VisualStudioVersion = 15.0.28307.271
MinimumVisualStudioVersion = 10.0.40219.1
Project("{FAE04EC0-301F-11D3-BF4B-00C04F79EFBC}") = "Simple mechanical code generator", "Simple mechanical code generator\Simple mechanical code generator.csproj", "{9422BFB6-260A-4C71-A98C-2E2DEFDEE15E}"
EndProject
Global
	GlobalSection(SolutionConfigurationPlatforms) = preSolution
		Debug|Any CPU = Debug|Any CPU
		Release|Any CPU = Release|Any CPU
	EndGlobalSection
	GlobalSection(ProjectConfigurationPlatforms) = postSolution
		{9422BFB6-260A-4C71-A98C-2E2DEFDEE15E}.Debug|Any CPU.ActiveCfg = Debug|Any CPU
		{9422BFB6-260A-4C71-A98C-2E2DEFDEE15E}.Debug|Any CPU.Build.0 = Debug|Any CPU
		{9422BFB6-260A-4C71-A98C-2E2DEFDEE15E}.Release|Any CPU.ActiveCfg = Release|Any CPU
		{9422BFB6-260A-4C71-A98C-2E2DEFDEE15E}.Release|Any CPU.Build.0 = Release|Any CPU
	EndGlobalSection
	GlobalSection(SolutionProperties) = preSolution
		HideSolutionNode = FALSE
	EndGlobalSection
	GlobalSection(ExtensibilityGlobals) = postSolution
		SolutionGuid = {DDE6AE38-91CD-4592-AD77-F3C04117837E}
	EndGlobalSection
EndGlobal
